
Microsoft Visual Studio Solution File, Format Version 12.00
# Visual Studio Version 17
VisualStudioVersion = 17.0.31903.59
MinimumVisualStudioVersion = 10.0.40219.1
Project("{2150E333-8FDC-42A3-9474-1A3956D46DE8}") = "src", "src", "{827E0CD3-B72D-47B6-A68D-7590B98EB39B}"
EndProject
Project("{FAE04EC0-301F-11D3-BF4B-00C04F79EFBC}") = "Archive76.Domain", "src\Archive76.Domain\Archive76.Domain.csproj", "{11890D63-04D2-4895-BF47-B3945E1C5D28}"
EndProject
Project("{FAE04EC0-301F-11D3-BF4B-00C04F79EFBC}") = "Archive76.Application", "src\Archive76.Application\Archive76.Application.csproj", "{4AF9DE52-04FF-4716-ADBF-EF189311FCB2}"
EndProject
Project("{FAE04EC0-301F-11D3-BF4B-00C04F79EFBC}") = "Archive76.Infrastructure", "src\Archive76.Infrastructure\Archive76.Infrastructure.csproj", "{125BC29C-60AF-48A8-89D0-8B7C4986210D}"
EndProject
Project("{FAE04EC0-301F-11D3-BF4B-00C04F79EFBC}") = "Archive76.Ingestion", "src\Archive76.Ingestion\Archive76.Ingestion.csproj", "{EE5D54D5-CBAE-4FE6-8103-DA2FD4414923}"
EndProject
Project("{FAE04EC0-301F-11D3-BF4B-00C04F79EFBC}") = "Archive76.Desktop", "src\Archive76.Desktop\Archive76.Desktop.csproj", "{DF354396-ED1E-413F-A427-6E7607CA23F3}"
EndProject
Project("{2150E333-8FDC-42A3-9474-1A3956D46DE8}") = "tests", "tests", "{0AB3BF05-4346-4AA6-1389-037BE0695223}"
EndProject
Project("{FAE04EC0-301F-11D3-BF4B-00C04F79EFBC}") = "Archive76.Domain.Tests", "tests\Archive76.Domain.Tests\Archive76.Domain.Tests.csproj", "{E5FE2C01-28F3-4272-A8EE-8FDB6DEFBC09}"
EndProject
Project("{FAE04EC0-301F-11D3-BF4B-00C04F79EFBC}") = "Archive76.Application.Tests", "tests\Archive76.Application.Tests\Archive76.Application.Tests.csproj", "{EA118526-04FE-4519-8670-58765124AE84}"
EndProject
Project("{FAE04EC0-301F-11D3-BF4B-00C04F79EFBC}") = "Archive76.Infrastructure.Tests", "tests\Archive76.Infrastructure.Tests\Archive76.Infrastructure.Tests.csproj", "{5ED0DB8A-4D1F-4D5E-8A1D-9ABFBECF815D}"
EndProject
Project("{FAE04EC0-301F-11D3-BF4B-00C04F79EFBC}") = "Archive76.Testing", "tests\Archive76.Testing\Archive76.Testing.csproj", "{555DEB5D-FAA4-4A27-BE2A-CFFCD12B8362}"
EndProject
Project("{FAE04EC0-301F-11D3-BF4B-00C04F79EFBC}") = "Archive76.Ingestion.Tests", "tests\Archive76.Ingestion.Tests\Archive76.Ingestion.Tests.csproj", "{425FDED5-9FB3-4A9F-813B-5E713C49BAE4}"
EndProject
Project("{FAE04EC0-301F-11D3-BF4B-00C04F79EFBC}") = "Archive76.Desktop.Tests", "tests\Archive76.Desktop.Tests\Archive76.Desktop.Tests.csproj", "{C54B9D6C-79C0-4077-9EA5-45D5E02D65DB}"
EndProject
Global
	GlobalSection(SolutionConfigurationPlatforms) = preSolution
		Debug|Any CPU = Debug|Any CPU
		Debug|x64 = Debug|x64
		Debug|x86 = Debug|x86
		Release|Any CPU = Release|Any CPU
		Release|x64 = Release|x64
		Release|x86 = Release|x86
	EndGlobalSection
	GlobalSection(ProjectConfigurationPlatforms) = postSolution
		{11890D63-04D2-4895-BF47-B3945E1C5D28}.Debug|Any CPU.ActiveCfg = Debug|Any CPU
		{11890D63-04D2-4895-BF47-B3945E1C5D28}.Debug|Any CPU.Build.0 = Debug|Any CPU
		{11890D63-04D2-4895-BF47-B3945E1C5D28}.Debug|x64.ActiveCfg = Debug|Any CPU
		{11890D63-04D2-4895-BF47-B3945E1C5D28}.Debug|x64.Build.0 = Debug|Any CPU
		{11890D63-04D2-4895-BF47-B3945E1C5D28}.Debug|x86.ActiveCfg = Debug|Any CPU
		{11890D63-04D2-4895-BF47-B3945E1C5D28}.Debug|x86.Build.0 = Debug|Any CPU
		{11890D63-04D2-4895-BF47-B3945E1C5D28}.Release|Any CPU.ActiveCfg = Release|Any CPU
		{11890D63-04D2-4895-BF47-B3945E1C5D28}.Release|Any CPU.Build.0 = Release|Any CPU
		{11890D63-04D2-4895-BF47-B3945E1C5D28}.Release|x64.ActiveCfg = Release|Any CPU
		{11890D63-04D2-4895-BF47-B3945E1C5D28}.Release|x64.Build.0 = Release|Any CPU
		{11890D63-04D2-4895-BF47-B3945E1C5D28}.Release|x86.ActiveCfg = Release|Any CPU
		{11890D63-04D2-4895-BF47-B3945E1C5D28}.Release|x86.Build.0 = Release|Any CPU
		{4AF9DE52-04FF-4716-ADBF-EF189311FCB2}.Debug|Any CPU.ActiveCfg = Debug|Any CPU
		{4AF9DE52-04FF-4716-ADBF-EF189311FCB2}.Debug|Any CPU.Build.0 = Debug|Any CPU
		{4AF9DE52-04FF-4716-ADBF-EF189311FCB2}.Debug|x64.ActiveCfg = Debug|Any CPU
		{4AF9DE52-04FF-4716-ADBF-EF189311FCB2}.Debug|x64.Build.0 = Debug|Any CPU
		{4AF9DE52-04FF-4716-ADBF-EF189311FCB2}.Debug|x86.ActiveCfg = Debug|Any CPU
		{4AF9DE52-04FF-4716-ADBF-EF189311FCB2}.Debug|x86.Build.0 = Debug|Any CPU
		{4AF9DE52-04FF-4716-ADBF-EF189311FCB2}.Release|Any CPU.ActiveCfg = Release|Any CPU
		{4AF9DE52-04FF-4716-ADBF-EF189311FCB2}.Release|Any CPU.Build.0 = Release|Any CPU
		{4AF9DE52-04FF-4716-ADBF-EF189311FCB2}.Release|x64.ActiveCfg = Release|Any CPU
		{4AF9DE52-04FF-4716-ADBF-EF189311FCB2}.Release|x64.Build.0 = Release|Any CPU
		{4AF9DE52-04FF-4716-ADBF-EF189311FCB2}.Release|x86.ActiveCfg = Release|Any CPU
		{4AF9DE52-04FF-4716-ADBF-EF189311FCB2}.Release|x86.Build.0 = Release|Any CPU
		{125BC29C-60AF-48A8-89D0-8B7C4986210D}.Debug|Any CPU.ActiveCfg = Debug|Any CPU
		{125BC29C-60AF-48A8-89D0-8B7C4986210D}.Debug|Any CPU.Build.0 = Debug|Any CPU
		{125BC29C-60AF-48A8-89D0-8B7C4986210D}.Debug|x64.ActiveCfg = Debug|Any CPU
		{125BC29C-60AF-48A8-89D0-8B7C4986210D}.Debug|x64.Build.0 = Debug|Any CPU
		{125BC29C-60AF-48A8-89D0-8B7C4986210D}.Debug|x86.ActiveCfg = Debug|Any CPU
		{125BC29C-60AF-48A8-89D0-8B7C4986210D}.Debug|x86.Build.0 = Debug|Any CPU
		{125BC29C-60AF-48A8-89D0-8B7C4986210D}.Release|Any CPU.ActiveCfg = Release|Any CPU
		{125BC29C-60AF-48A8-89D0-8B7C4986210D}.Release|Any CPU.Build.0 = Release|Any CPU
		{125BC29C-60AF-48A8-89D0-8B7C4986210D}.Release|x64.ActiveCfg = Release|Any CPU
		{125BC29C-60AF-48A8-89D0-8B7C4986210D}.Release|x64.Build.0 = Release|Any CPU
		{125BC29C-60AF-48A8-89D0-8B7C4986210D}.Release|x86.ActiveCfg = Release|Any CPU
		{125BC29C-60AF-48A8-89D0-8B7C4986210D}.Release|x86.Build.0 = Release|Any CPU
		{EE5D54D5-CBAE-4FE6-8103-DA2FD4414923}.Debug|Any CPU.ActiveCfg = Debug|Any CPU
		{EE5D54D5-CBAE-4FE6-8103-DA2FD4414923}.Debug|Any CPU.Build.0 = Debug|Any CPU
		{EE5D54D5-CBAE-4FE6-8103-DA2FD4414923}.Debug|x64.ActiveCfg = Debug|Any CPU
		{EE5D54D5-CBAE-4FE6-8103-DA2FD4414923}.Debug|x64.Build.0 = Debug|Any CPU
		{EE5D54D5-CBAE-4FE6-8103-DA2FD4414923}.Debug|x86.ActiveCfg = Debug|Any CPU
		{EE5D54D5-CBAE-4FE6-8103-DA2FD4414923}.Debug|x86.Build.0 = Debug|Any CPU
		{EE5D54D5-CBAE-4FE6-8103-DA2FD4414923}.Release|Any CPU.ActiveCfg = Release|Any CPU
		{EE5D54D5-CBAE-4FE6-8103-DA2FD4414923}.Release|Any CPU.Build.0 = Release|Any CPU
		{EE5D54D5-CBAE-4FE6-8103-DA2FD4414923}.Release|x64.ActiveCfg = Release|Any CPU
		{EE5D54D5-CBAE-4FE6-8103-DA2FD4414923}.Release|x64.Build.0 = Release|Any CPU
		{EE5D54D5-CBAE-4FE6-8103-DA2FD4414923}.Release|x86.ActiveCfg = Release|Any CPU
		{EE5D54D5-CBAE-4FE6-8103-DA2FD4414923}.Release|x86.Build.0 = Release|Any CPU
		{DF354396-ED1E-413F-A427-6E7607CA23F3}.Debug|Any CPU.ActiveCfg = Debug|Any CPU
		{DF354396-ED1E-413F-A427-6E7607CA23F3}.Debug|Any CPU.Build.0 = Debug|Any CPU
		{DF354396-ED1E-413F-A427-6E7607CA23F3}.Debug|x64.ActiveCfg = Debug|Any CPU
		{DF354396-ED1E-413F-A427-6E7607CA23F3}.Debug|x64.Build.0 = Debug|Any CPU
		{DF354396-ED1E-413F-A427-6E7607CA23F3}.Debug|x86.ActiveCfg = Debug|Any CPU
		{DF354396-ED1E-413F-A427-6E7607CA23F3}.Debug|x86.Build.0 = Debug|Any CPU
		{DF354396-ED1E-413F-A427-6E7607CA23F3}.Release|Any CPU.ActiveCfg = Release|Any CPU
		{DF354396-ED1E-413F-A427-6E7607CA23F3}.Release|Any CPU.Build.0 = Release|Any CPU
		{DF354396-ED1E-413F-A427-6E7607CA23F3}.Release|x64.ActiveCfg = Release|Any CPU
		{DF354396-ED1E-413F-A427-6E7607CA23F3}.Release|x64.Build.0 = Release|Any CPU
		{DF354396-ED1E-413F-A427-6E7607CA23F3}.Release|x86.ActiveCfg = Release|Any CPU
		{DF354396-ED1E-413F-A427-6E7607CA23F3}.Release|x86.Build.0 = Release|Any CPU
		{E5FE2C01-28F3-4272-A8EE-8FDB6DEFBC09}.Debug|Any CPU.ActiveCfg = Debug|Any CPU
		{E5FE2C01-28F3-4272-A8EE-8FDB6DEFBC09}.Debug|Any CPU.Build.0 = Debug|Any CPU
		{E5FE2C01-28F3-4272-A8EE-8FDB6DEFBC09}.Debug|x64.ActiveCfg = Debug|Any CPU
		{E5FE2C01-28F3-4272-A8EE-8FDB6DEFBC09}.Debug|x64.Build.0 = Debug|Any CPU
		{E5FE2C01-28F3-4272-A8EE-8FDB6DEFBC09}.Debug|x86.ActiveCfg = Debug|Any CPU
		{E5FE2C01-28F3-4272-A8EE-8FDB6DEFBC09}.Debug|x86.Build.0 = Debug|Any CPU
		{E5FE2C01-28F3-4272-A8EE-8FDB6DEFBC09}.Release|Any CPU.ActiveCfg = Release|Any CPU
		{E5FE2C01-28F3-4272-A8EE-8FDB6DEFBC09}.Release|Any CPU.Build.0 = Release|Any CPU
		{E5FE2C01-28F3-4272-A8EE-8FDB6DEFBC09}.Release|x64.ActiveCfg = Release|Any CPU
		{E5FE2C01-28F3-4272-A8EE-8FDB6DEFBC09}.Release|x64.Build.0 = Release|Any CPU
		{E5FE2C01-28F3-4272-A8EE-8FDB6DEFBC09}.Release|x86.ActiveCfg = Release|Any CPU
		{E5FE2C01-28F3-4272-A8EE-8FDB6DEFBC09}.Release|x86.Build.0 = Release|Any CPU
		{EA118526-04FE-4519-8670-58765124AE84}.Debug|Any CPU.ActiveCfg = Debug|Any CPU
		{EA118526-04FE-4519-8670-58765124AE84}.Debug|Any CPU.Build.0 = Debug|Any CPU
		{EA118526-04FE-4519-8670-58765124AE84}.Debug|x64.ActiveCfg = Debug|Any CPU
		{EA118526-04FE-4519-8670-58765124AE84}.Debug|x64.Build.0 = Debug|Any CPU
		{EA118526-04FE-4519-8670-58765124AE84}.Debug|x86.ActiveCfg = Debug|Any CPU
		{EA118526-04FE-4519-8670-58765124AE84}.Debug|x86.Build.0 = Debug|Any CPU
		{EA118526-04FE-4519-8670-58765124AE84}.Release|Any CPU.ActiveCfg = Release|Any CPU
		{EA118526-04FE-4519-8670-58765124AE84}.Release|Any CPU.Build.0 = Release|Any CPU
		{EA118526-04FE-4519-8670-58765124AE84}.Release|x64.ActiveCfg = Release|Any CPU
		{EA118526-04FE-4519-8670-58765124AE84}.Release|x64.Build.0 = Release|Any CPU
		{EA118526-04FE-4519-8670-58765124AE84}.Release|x86.ActiveCfg = Release|Any CPU
		{EA118526-04FE-4519-8670-58765124AE84}.Release|x86.Build.0 = Release|Any CPU
		{5ED0DB8A-4D1F-4D5E-8A1D-9ABFBECF815D}.Debug|Any CPU.ActiveCfg = Debug|Any CPU
		{5ED0DB8A-4D1F-4D5E-8A1D-9ABFBECF815D}.Debug|Any CPU.Build.0 = Debug|Any CPU
		{5ED0DB8A-4D1F-4D5E-8A1D-9ABFBECF815D}.Debug|x64.ActiveCfg = Debug|Any CPU
		{5ED0DB8A-4D1F-4D5E-8A1D-9ABFBECF815D}.Debug|x64.Build.0 = Debug|Any CPU
		{5ED0DB8A-4D1F-4D5E-8A1D-9ABFBECF815D}.Debug|x86.ActiveCfg = Debug|Any CPU
		{5ED0DB8A-4D1F-4D5E-8A1D-9ABFBECF815D}.Debug|x86.Build.0 = Debug|Any CPU
		{5ED0DB8A-4D1F-4D5E-8A1D-9ABFBECF815D}.Release|Any CPU.ActiveCfg = Release|Any CPU
		{5ED0DB8A-4D1F-4D5E-8A1D-9ABFBECF815D}.Release|Any CPU.Build.0 = Release|Any CPU
		{5ED0DB8A-4D1F-4D5E-8A1D-9ABFBECF815D}.Release|x64.ActiveCfg = Release|Any CPU
		{5ED0DB8A-4D1F-4D5E-8A1D-9ABFBECF815D}.Release|x64.Build.0 = Release|Any CPU
		{5ED0DB8A-4D1F-4D5E-8A1D-9ABFBECF815D}.Release|x86.ActiveCfg = Release|Any CPU
		{5ED0DB8A-4D1F-4D5E-8A1D-9ABFBECF815D}.Release|x86.Build.0 = Release|Any CPU
		{555DEB5D-FAA4-4A27-BE2A-CFFCD12B8362}.Debug|Any CPU.ActiveCfg = Debug|Any CPU
		{555DEB5D-FAA4-4A27-BE2A-CFFCD12B8362}.Debug|Any CPU.Build.0 = Debug|Any CPU
		{555DEB5D-FAA4-4A27-BE2A-CFFCD12B8362}.Debug|x64.ActiveCfg = Debug|Any CPU
		{555DEB5D-FAA4-4A27-BE2A-CFFCD12B8362}.Debug|x64.Build.0 = Debug|Any CPU
		{555DEB5D-FAA4-4A27-BE2A-CFFCD12B8362}.Debug|x86.ActiveCfg = Debug|Any CPU
		{555DEB5D-FAA4-4A27-BE2A-CFFCD12B8362}.Debug|x86.Build.0 = Debug|Any CPU
		{555DEB5D-FAA4-4A27-BE2A-CFFCD12B8362}.Release|Any CPU.ActiveCfg = Release|Any CPU
		{555DEB5D-FAA4-4A27-BE2A-CFFCD12B8362}.Release|Any CPU.Build.0 = Release|Any CPU
		{555DEB5D-FAA4-4A27-BE2A-CFFCD12B8362}.Release|x64.ActiveCfg = Release|Any CPU
		{555DEB5D-FAA4-4A27-BE2A-CFFCD12B8362}.Release|x64.Build.0 = Release|Any CPU
		{555DEB5D-FAA4-4A27-BE2A-CFFCD12B8362}.Release|x86.ActiveCfg = Release|Any CPU
		{555DEB5D-FAA4-4A27-BE2A-CFFCD12B8362}.Release|x86.Build.0 = Release|Any CPU
		{425FDED5-9FB3-4A9F-813B-5E713C49BAE4}.Debug|Any CPU.ActiveCfg = Debug|Any CPU
		{425FDED5-9FB3-4A9F-813B-5E713C49BAE4}.Debug|Any CPU.Build.0 = Debug|Any CPU
		{425FDED5-9FB3-4A9F-813B-5E713C49BAE4}.Debug|x64.ActiveCfg = Debug|Any CPU
		{425FDED5-9FB3-4A9F-813B-5E713C49BAE4}.Debug|x64.Build.0 = Debug|Any CPU
		{425FDED5-9FB3-4A9F-813B-5E713C49BAE4}.Debug|x86.ActiveCfg = Debug|Any CPU
		{425FDED5-9FB3-4A9F-813B-5E713C49BAE4}.Debug|x86.Build.0 = Debug|Any CPU
		{425FDED5-9FB3-4A9F-813B-5E713C49BAE4}.Release|Any CPU.ActiveCfg = Release|Any CPU
		{425FDED5-9FB3-4A9F-813B-5E713C49BAE4}.Release|Any CPU.Build.0 = Release|Any CPU
		{425FDED5-9FB3-4A9F-813B-5E713C49BAE4}.Release|x64.ActiveCfg = Release|Any CPU
		{425FDED5-9FB3-4A9F-813B-5E713C49BAE4}.Release|x64.Build.0 = Release|Any CPU
		{425FDED5-9FB3-4A9F-813B-5E713C49BAE4}.Release|x86.ActiveCfg = Release|Any CPU
		{425FDED5-9FB3-4A9F-813B-5E713C49BAE4}.Release|x86.Build.0 = Release|Any CPU
		{C54B9D6C-79C0-4077-9EA5-45D5E02D65DB}.Debug|Any CPU.ActiveCfg = Debug|Any CPU
		{C54B9D6C-79C0-4077-9EA5-45D5E02D65DB}.Debug|Any CPU.Build.0 = Debug|Any CPU
		{C54B9D6C-79C0-4077-9EA5-45D5E02D65DB}.Debug|x64.ActiveCfg = Debug|Any CPU
		{C54B9D6C-79C0-4077-9EA5-45D5E02D65DB}.Debug|x64.Build.0 = Debug|Any CPU
		{C54B9D6C-79C0-4077-9EA5-45D5E02D65DB}.Debug|x86.ActiveCfg = Debug|Any CPU
		{C54B9D6C-79C0-4077-9EA5-45D5E02D65DB}.Debug|x86.Build.0 = Debug|Any CPU
		{C54B9D6C-79C0-4077-9EA5-45D5E02D65DB}.Release|Any CPU.ActiveCfg = Release|Any CPU
		{C54B9D6C-79C0-4077-9EA5-45D5E02D65DB}.Release|Any CPU.Build.0 = Release|Any CPU
		{C54B9D6C-79C0-4077-9EA5-45D5E02D65DB}.Release|x64.ActiveCfg = Release|Any CPU
		{C54B9D6C-79C0-4077-9EA5-45D5E02D65DB}.Release|x64.Build.0 = Release|Any CPU
		{C54B9D6C-79C0-4077-9EA5-45D5E02D65DB}.Release|x86.ActiveCfg = Release|Any CPU
		{C54B9D6C-79C0-4077-9EA5-45D5E02D65DB}.Release|x86.Build.0 = Release|Any CPU
	EndGlobalSection
	GlobalSection(SolutionProperties) = preSolution
		HideSolutionNode = FALSE
	EndGlobalSection
	GlobalSection(NestedProjects) = preSolution
		{11890D63-04D2-4895-BF47-B3945E1C5D28} = {827E0CD3-B72D-47B6-A68D-7590B98EB39B}
		{4AF9DE52-04FF-4716-ADBF-EF189311FCB2} = {827E0CD3-B72D-47B6-A68D-7590B98EB39B}
		{125BC29C-60AF-48A8-89D0-8B7C4986210D} = {827E0CD3-B72D-47B6-A68D-7590B98EB39B}
		{EE5D54D5-CBAE-4FE6-8103-DA2FD4414923} = {827E0CD3-B72D-47B6-A68D-7590B98EB39B}
		{DF354396-ED1E-413F-A427-6E7607CA23F3} = {827E0CD3-B72D-47B6-A68D-7590B98EB39B}
		{E5FE2C01-28F3-4272-A8EE-8FDB6DEFBC09} = {0AB3BF05-4346-4AA6-1389-037BE0695223}
		{EA118526-04FE-4519-8670-58765124AE84} = {0AB3BF05-4346-4AA6-1389-037BE0695223}
		{5ED0DB8A-4D1F-4D5E-8A1D-9ABFBECF815D} = {0AB3BF05-4346-4AA6-1389-037BE0695223}
		{555DEB5D-FAA4-4A27-BE2A-CFFCD12B8362} = {0AB3BF05-4346-4AA6-1389-037BE0695223}
		{425FDED5-9FB3-4A9F-813B-5E713C49BAE4} = {0AB3BF05-4346-4AA6-1389-037BE0695223}
		{C54B9D6C-79C0-4077-9EA5-45D5E02D65DB} = {0AB3BF05-4346-4AA6-1389-037BE0695223}
	EndGlobalSection
EndGlobal
